
Microsoft Visual Studio Solution File, Format Version 12.00
# Visual Studio Version 16
VisualStudioVersion = 16.0.32901.82
MinimumVisualStudioVersion = 10.0.40219.1
Project("{9A19103F-16F7-4668-BE54-9A1E7A4F7556}") = "DataAccess", "DAL\DataAccess.csproj", "{39940B38-BFC9-4D46-BB09-910D95F62480}"
EndProject
Project("{9A19103F-16F7-4668-BE54-9A1E7A4F7556}") = "Business", "Business\Business.csproj", "{F95418A4-1658-4079-81B9-5A1C4E350357}"
EndProject
Project("{9A19103F-16F7-4668-BE54-9A1E7A4F7556}") = "Entities", "Entities\Entities.csproj", "{7C912F3B-FDD0-4F7E-9A98-AD008EBB550F}"
EndProject
Project("{9A19103F-16F7-4668-BE54-9A1E7A4F7556}") = "ConsoleUI", "ConsoleUI\ConsoleUI.csproj", "{0250BF2A-55CA-4E0B-85B5-3EFAF5431E9D}"
EndProject
Project("{FAE04EC0-301F-11D3-BF4B-00C04F79EFBC}") = "Core", "Core\Core.csproj", "{067C363F-1D73-442E-AFB7-AFC0073425A1}"
EndProject
Global
	GlobalSection(SolutionConfigurationPlatforms) = preSolution
		Debug|Any CPU = Debug|Any CPU
		Release|Any CPU = Release|Any CPU
	EndGlobalSection
	GlobalSection(ProjectConfigurationPlatforms) = postSolution
		{39940B38-BFC9-4D46-BB09-910D95F62480}.Debug|Any CPU.ActiveCfg = Debug|Any CPU
		{39940B38-BFC9-4D46-BB09-910D95F62480}.Debug|Any CPU.Build.0 = Debug|Any CPU
		{39940B38-BFC9-4D46-BB09-910D95F62480}.Release|Any CPU.ActiveCfg = Release|Any CPU
		{39940B38-BFC9-4D46-BB09-910D95F62480}.Release|Any CPU.Build.0 = Release|Any CPU
		{F95418A4-1658-4079-81B9-5A1C4E350357}.Debug|Any CPU.ActiveCfg = Debug|Any CPU
		{F95418A4-1658-4079-81B9-5A1C4E350357}.Debug|Any CPU.Build.0 = Debug|Any CPU
		{F95418A4-1658-4079-81B9-5A1C4E350357}.Release|Any CPU.ActiveCfg = Release|Any CPU
		{F95418A4-1658-4079-81B9-5A1C4E350357}.Release|Any CPU.Build.0 = Release|Any CPU
		{7C912F3B-FDD0-4F7E-9A98-AD008EBB550F}.Debug|Any CPU.ActiveCfg = Debug|Any CPU
		{7C912F3B-FDD0-4F7E-9A98-AD008EBB550F}.Debug|Any CPU.Build.0 = Debug|Any CPU
		{7C912F3B-FDD0-4F7E-9A98-AD008EBB550F}.Release|Any CPU.ActiveCfg = Release|Any CPU
		{7C912F3B-FDD0-4F7E-9A98-AD008EBB550F}.Release|Any CPU.Build.0 = Release|Any CPU
		{0250BF2A-55CA-4E0B-85B5-3EFAF5431E9D}.Debug|Any CPU.ActiveCfg = Debug|Any CPU
		{0250BF2A-55CA-4E0B-85B5-3EFAF5431E9D}.Debug|Any CPU.Build.0 = Debug|Any CPU
		{0250BF2A-55CA-4E0B-85B5-3EFAF5431E9D}.Release|Any CPU.ActiveCfg = Release|Any CPU
		{0250BF2A-55CA-4E0B-85B5-3EFAF5431E9D}.Release|Any CPU.Build.0 = Release|Any CPU
		{067C363F-1D73-442E-AFB7-AFC0073425A1}.Debug|Any CPU.ActiveCfg = Debug|Any CPU
		{067C363F-1D73-442E-AFB7-AFC0073425A1}.Debug|Any CPU.Build.0 = Debug|Any CPU
		{067C363F-1D73-442E-AFB7-AFC0073425A1}.Release|Any CPU.ActiveCfg = Release|Any CPU
		{067C363F-1D73-442E-AFB7-AFC0073425A1}.Release|Any CPU.Build.0 = Release|Any CPU
	EndGlobalSection
	GlobalSection(SolutionProperties) = preSolution
		HideSolutionNode = FALSE
	EndGlobalSection
	GlobalSection(ExtensibilityGlobals) = postSolution
		SolutionGuid = {2C9C2AF6-5395-4EEB-90B0-F71FC34BA9B8}
	EndGlobalSection
EndGlobal
